# THIS IS AN AUTOGENERATED FILE. DO NOT EDIT THIS FILE DIRECTLY.
# yarn lockfile v1


"@babel/parser@^7.23.0":
  version "7.23.0"
  resolved "https://registry.npm.wps.cn/@babel/parser/download/@babel/parser-7.23.0.tgz#da950e622420bf96ca0d0f2909cdddac3acd8719"
  integrity sha1-2pUOYiQgv5bKDQ8pCc3drDrNhxk=

"@esbuild/android-arm64@0.18.20":
  version "0.18.20"
  resolved "https://registry.npm.wps.cn/@esbuild/android-arm64/download/@esbuild/android-arm64-0.18.20.tgz#984b4f9c8d0377443cc2dfcef266d02244593622"
  integrity sha1-mEtPnI0Dd0Q8wt/O8mbQIkRZNiI=

"@esbuild/android-arm@0.18.20":
  version "0.18.20"
  resolved "https://registry.npm.wps.cn/@esbuild/android-arm/download/@esbuild/android-arm-0.18.20.tgz#fedb265bc3a589c84cc11f810804f234947c3682"
  integrity sha1-/tsmW8OlichMwR+BCATyNJR8NoI=

"@esbuild/android-x64@0.18.20":
  version "0.18.20"
  resolved "https://registry.npm.wps.cn/@esbuild/android-x64/download/@esbuild/android-x64-0.18.20.tgz#35cf419c4cfc8babe8893d296cd990e9e9f756f2"
  integrity sha1-Nc9BnEz8i6voiT0pbNmQ6en3VvI=

"@esbuild/darwin-arm64@0.18.20":
  version "0.18.20"
  resolved "https://registry.npm.wps.cn/@esbuild/darwin-arm64/download/@esbuild/darwin-arm64-0.18.20.tgz#08172cbeccf95fbc383399a7f39cfbddaeb0d7c1"
  integrity sha1-CBcsvsz5X7w4M5mn85z73a6w18E=

"@esbuild/darwin-x64@0.18.20":
  version "0.18.20"
  resolved "https://registry.npm.wps.cn/@esbuild/darwin-x64/download/@esbuild/darwin-x64-0.18.20.tgz#d70d5790d8bf475556b67d0f8b7c5bdff053d85d"
  integrity sha1-1w1XkNi/R1VWtn0Pi3xb3/BT2F0=

"@esbuild/freebsd-arm64@0.18.20":
  version "0.18.20"
  resolved "https://registry.npm.wps.cn/@esbuild/freebsd-arm64/download/@esbuild/freebsd-arm64-0.18.20.tgz#98755cd12707f93f210e2494d6a4b51b96977f54"
  integrity sha1-mHVc0ScH+T8hDiSU1qS1G5aXf1Q=

"@esbuild/freebsd-x64@0.18.20":
  version "0.18.20"
  resolved "https://registry.npm.wps.cn/@esbuild/freebsd-x64/download/@esbuild/freebsd-x64-0.18.20.tgz#c1eb2bff03915f87c29cece4c1a7fa1f423b066e"
  integrity sha1-wesr/wORX4fCnOzkwaf6H0I7Bm4=

"@esbuild/linux-arm64@0.18.20":
  version "0.18.20"
  resolved "https://registry.npm.wps.cn/@esbuild/linux-arm64/download/@esbuild/linux-arm64-0.18.20.tgz#bad4238bd8f4fc25b5a021280c770ab5fc3a02a0"
  integrity sha1-utQji9j0/CW1oCEoDHcKtfw6AqA=

"@esbuild/linux-arm@0.18.20":
  version "0.18.20"
  resolved "https://registry.npm.wps.cn/@esbuild/linux-arm/download/@esbuild/linux-arm-0.18.20.tgz#3e617c61f33508a27150ee417543c8ab5acc73b0"
  integrity sha1-PmF8YfM1CKJxUO5BdUPIq1rMc7A=

"@esbuild/linux-ia32@0.18.20":
  version "0.18.20"
  resolved "https://registry.npm.wps.cn/@esbuild/linux-ia32/download/@esbuild/linux-ia32-0.18.20.tgz#699391cccba9aee6019b7f9892eb99219f1570a7"
  integrity sha1-aZORzMupruYBm3+YkuuZIZ8VcKc=

"@esbuild/linux-loong64@0.18.20":
  version "0.18.20"
  resolved "https://registry.npm.wps.cn/@esbuild/linux-loong64/download/@esbuild/linux-loong64-0.18.20.tgz#e6fccb7aac178dd2ffb9860465ac89d7f23b977d"
  integrity sha1-5vzLeqwXjdL/uYYEZayJ1/I7l30=

"@esbuild/linux-mips64el@0.18.20":
  version "0.18.20"
  resolved "https://registry.npm.wps.cn/@esbuild/linux-mips64el/download/@esbuild/linux-mips64el-0.18.20.tgz#eeff3a937de9c2310de30622a957ad1bd9183231"
  integrity sha1-7v86k33pwjEN4wYiqVetG9kYMjE=

"@esbuild/linux-ppc64@0.18.20":
  version "0.18.20"
  resolved "https://registry.npm.wps.cn/@esbuild/linux-ppc64/download/@esbuild/linux-ppc64-0.18.20.tgz#2f7156bde20b01527993e6881435ad79ba9599fb"
  integrity sha1-L3FWveILAVJ5k+aIFDWtebqVmfs=

"@esbuild/linux-riscv64@0.18.20":
  version "0.18.20"
  resolved "https://registry.npm.wps.cn/@esbuild/linux-riscv64/download/@esbuild/linux-riscv64-0.18.20.tgz#6628389f210123d8b4743045af8caa7d4ddfc7a6"
  integrity sha1-Zig4nyEBI9i0dDBFr4yqfU3fx6Y=

"@esbuild/linux-s390x@0.18.20":
  version "0.18.20"
  resolved "https://registry.npm.wps.cn/@esbuild/linux-s390x/download/@esbuild/linux-s390x-0.18.20.tgz#255e81fb289b101026131858ab99fba63dcf0071"
  integrity sha1-JV6B+yibEBAmExhYq5n7pj3PAHE=

"@esbuild/linux-x64@0.18.20":
  version "0.18.20"
  resolved "https://registry.npm.wps.cn/@esbuild/linux-x64/download/@esbuild/linux-x64-0.18.20.tgz#c7690b3417af318a9b6f96df3031a8865176d338"
  integrity sha1-x2kLNBevMYqbb5bfMDGohlF20zg=

"@esbuild/netbsd-x64@0.18.20":
  version "0.18.20"
  resolved "https://registry.npm.wps.cn/@esbuild/netbsd-x64/download/@esbuild/netbsd-x64-0.18.20.tgz#30e8cd8a3dded63975e2df2438ca109601ebe0d1"
  integrity sha1-MOjNij3e1jl14t8kOMoQlgHr4NE=

"@esbuild/openbsd-x64@0.18.20":
  version "0.18.20"
  resolved "https://registry.npm.wps.cn/@esbuild/openbsd-x64/download/@esbuild/openbsd-x64-0.18.20.tgz#7812af31b205055874c8082ea9cf9ab0da6217ae"
  integrity sha1-eBKvMbIFBVh0yAguqc+asNpiF64=

"@esbuild/sunos-x64@0.18.20":
  version "0.18.20"
  resolved "https://registry.npm.wps.cn/@esbuild/sunos-x64/download/@esbuild/sunos-x64-0.18.20.tgz#d5c275c3b4e73c9b0ecd38d1ca62c020f887ab9d"
  integrity sha1-1cJ1w7TnPJsOzTjRymLAIPiHq50=

"@esbuild/win32-arm64@0.18.20":
  version "0.18.20"
  resolved "https://registry.npm.wps.cn/@esbuild/win32-arm64/download/@esbuild/win32-arm64-0.18.20.tgz#73bc7f5a9f8a77805f357fab97f290d0e4820ac9"
  integrity sha1-c7x/Wp+Kd4BfNX+rl/KQ0OSCCsk=

"@esbuild/win32-ia32@0.18.20":
  version "0.18.20"
  resolved "https://registry.npm.wps.cn/@esbuild/win32-ia32/download/@esbuild/win32-ia32-0.18.20.tgz#ec93cbf0ef1085cc12e71e0d661d20569ff42102"
  integrity sha1-7JPL8O8QhcwS5x4NZh0gVp/0IQI=

"@esbuild/win32-x64@0.18.20":
  version "0.18.20"
  resolved "https://registry.npm.wps.cn/@esbuild/win32-x64/download/@esbuild/win32-x64-0.18.20.tgz#786c5f41f043b07afb1af37683d7c33668858f6d"
  integrity sha1-eGxfQfBDsHr7GvN2g9fDNmiFj20=

"@jridgewell/sourcemap-codec@^1.4.15":
  version "1.4.15"
  resolved "https://registry.npm.wps.cn/@jridgewell/sourcemap-codec/download/@jridgewell/sourcemap-codec-1.4.15.tgz#d7c6e6755c78567a951e04ab52ef0fd26de59f32"
  integrity sha1-18bmdVx4VnqVHgSrUu8P0m3lnzI=

"@popperjs/core@^2.9.0":
  version "2.11.8"
  resolved "https://registry.npm.wps.cn/@popperjs/core/download/@popperjs/core-2.11.8.tgz#6b79032e760a0899cd4204710beede972a3a185f"
  integrity sha1-a3kDLnYKCJnNQgRxC+7elyo6GF8=

"@remirror/core-constants@^2.0.2":
  version "2.0.2"
  resolved "https://registry.npm.wps.cn/@remirror/core-constants/download/@remirror/core-constants-2.0.2.tgz#f05eccdc69e3a65e7d524b52548f567904a11a1a"
  integrity sha1-8F7M3Gnjpl59UktSVI9WeQShGho=

"@remirror/core-helpers@^3.0.0":
  version "3.0.0"
  resolved "https://registry.npm.wps.cn/@remirror/core-helpers/download/@remirror/core-helpers-3.0.0.tgz#3a35c2346bc23ebc3cee585b7840b5567755c5f1"
  integrity sha1-OjXCNGvCPrw87lhbeEC1VndVxfE=
  dependencies:
    "@remirror/core-constants" "^2.0.2"
    "@remirror/types" "^1.0.1"
    "@types/object.omit" "^3.0.0"
    "@types/object.pick" "^1.3.2"
    "@types/throttle-debounce" "^2.1.0"
    case-anything "^2.1.13"
    dash-get "^1.0.2"
    deepmerge "^4.3.1"
    fast-deep-equal "^3.1.3"
    make-error "^1.3.6"
    object.omit "^3.0.0"
    object.pick "^1.3.0"
    throttle-debounce "^3.0.1"

"@remirror/types@^1.0.1":
  version "1.0.1"
  resolved "https://registry.npm.wps.cn/@remirror/types/download/@remirror/types-1.0.1.tgz#768502497a0fbbc23338a1586b893f729310cf70"
  integrity sha1-doUCSXoPu8IzOKFYa4k/cpMQz3A=
  dependencies:
    type-fest "^2.19.0"

"@tiptap/core@^2.1.12":
  version "2.1.12"
  resolved "https://registry.npm.wps.cn/@tiptap/core/download/@tiptap/core-2.1.12.tgz#904fdf147e91b5e60561c76e7563c1b5a32f54ab"
  integrity sha1-kE/fFH6RteYFYcdudWPBtaMvVKs=

"@tiptap/extension-blockquote@^2.1.12":
  version "2.1.12"
  resolved "https://registry.npm.wps.cn/@tiptap/extension-blockquote/download/@tiptap/extension-blockquote-2.1.12.tgz#97b43419606acf9bfd93b9f482a1827dcac8c3e9"
  integrity sha1-l7Q0GWBqz5v9k7n0gqGCfcrIw+k=

"@tiptap/extension-bold@^2.1.12":
  version "2.1.12"
  resolved "https://registry.npm.wps.cn/@tiptap/extension-bold/download/@tiptap/extension-bold-2.1.12.tgz#5dbf41105fc0fbde8adbff629312187fbebc39b0"
  integrity sha1-Xb9BEF/A+96K2/9ikxIYf768ObA=

"@tiptap/extension-bubble-menu@^2.1.12":
  version "2.1.12"
  resolved "https://registry.npm.wps.cn/@tiptap/extension-bubble-menu/download/@tiptap/extension-bubble-menu-2.1.12.tgz#4103a21a6433e58690c8f742ece39fad78dc26eb"
  integrity sha1-QQOiGmQz5YaQyPdC7OOfrXjcJus=
  dependencies:
    tippy.js "^6.3.7"

"@tiptap/extension-bullet-list@^2.1.12":
  version "2.1.12"
  resolved "https://registry.npm.wps.cn/@tiptap/extension-bullet-list/download/@tiptap/extension-bullet-list-2.1.12.tgz#7c905a577ce30ef2cb335870a23f9d24fd26f6aa"
  integrity sha1-fJBaV3zjDvLLM1hwoj+dJP0m9qo=

"@tiptap/extension-code-block@^2.1.12":
  version "2.1.12"
  resolved "https://registry.npm.wps.cn/@tiptap/extension-code-block/download/@tiptap/extension-code-block-2.1.12.tgz#20416baef1b5fc839490a8416e97fdcbb5fdf918"
  integrity sha1-IEFrrvG1/IOUkKhBbpf9y7X9+Rg=

"@tiptap/extension-code@^2.1.12":
  version "2.1.12"
  resolved "https://registry.npm.wps.cn/@tiptap/extension-code/download/@tiptap/extension-code-2.1.12.tgz#86d2eb5f63725af472c5fd858e5a9c7ccae06ef3"
  integrity sha1-htLrX2NyWvRyxf2FjlqcfMrgbvM=

"@tiptap/extension-color@^2.1.12":
  version "2.1.12"
  resolved "https://registry.npm.wps.cn/@tiptap/extension-color/download/@tiptap/extension-color-2.1.12.tgz#1076833f061c3eabf59aef32cd15f103fd6ec710"
  integrity sha1-EHaDPwYcPqv1mu8yzRXxA/1uxxA=

"@tiptap/extension-document@^2.1.12":
  version "2.1.12"
  resolved "https://registry.npm.wps.cn/@tiptap/extension-document/download/@tiptap/extension-document-2.1.12.tgz#e19e4716dfad60cbeb6abaf2f362fed759963529"
  integrity sha1-4Z5HFt+tYMvrarry82L+11mWNSk=

"@tiptap/extension-dropcursor@^2.1.12":
  version "2.1.12"
  resolved "https://registry.npm.wps.cn/@tiptap/extension-dropcursor/download/@tiptap/extension-dropcursor-2.1.12.tgz#9da0c275291c9d47497d3db41b4d70d96366b4ff"
  integrity sha1-naDCdSkcnUdJfT20G01w2WNmtP8=

"@tiptap/extension-floating-menu@^2.1.12":
  version "2.1.12"
  resolved "https://registry.npm.wps.cn/@tiptap/extension-floating-menu/download/@tiptap/extension-floating-menu-2.1.12.tgz#68a658b2b9bdd3a0fc1afc5165231838061a8fde"
  integrity sha1-aKZYsrm906D8GvxRZSMYOAYaj94=
  dependencies:
    tippy.js "^6.3.7"

"@tiptap/extension-gapcursor@^2.1.12":
  version "2.1.12"
  resolved "https://registry.npm.wps.cn/@tiptap/extension-gapcursor/download/@tiptap/extension-gapcursor-2.1.12.tgz#63844c3abd1a38af915839cf0c097b6d2e5a86fe"
  integrity sha1-Y4RMOr0aOK+RWDnPDAl7bS5ahv4=

"@tiptap/extension-hard-break@^2.1.12":
  version "2.1.12"
  resolved "https://registry.npm.wps.cn/@tiptap/extension-hard-break/download/@tiptap/extension-hard-break-2.1.12.tgz#54d0c9996e1173594852394975a9356eec98bc9a"
  integrity sha1-VNDJmW4Rc1lIUjlJdak1buyYvJo=

"@tiptap/extension-heading@^2.1.12":
  version "2.1.12"
  resolved "https://registry.npm.wps.cn/@tiptap/extension-heading/download/@tiptap/extension-heading-2.1.12.tgz#05ae4684d6f29ae611495ab114038e14a5d1dff6"
  integrity sha1-Ba5GhNbymuYRSVqxFAOOFKXR3/Y=

"@tiptap/extension-highlight@^2.1.12":
  version "2.1.12"
  resolved "https://registry.npm.wps.cn/@tiptap/extension-highlight/download/@tiptap/extension-highlight-2.1.12.tgz#184efb75238c9cbc6c18d523b735de4329f78ecc"
  integrity sha1-GE77dSOMnLxsGNUjtzXeQyn3jsw=

"@tiptap/extension-history@^2.1.12":
  version "2.1.12"
  resolved "https://registry.npm.wps.cn/@tiptap/extension-history/download/@tiptap/extension-history-2.1.12.tgz#03bcb9422e8ea2b82dc45207d1a1b0bc0241b055"
  integrity sha1-A7y5Qi6OorgtxFIH0aGwvAJBsFU=

"@tiptap/extension-horizontal-rule@^2.1.12":
  version "2.1.12"
  resolved "https://registry.npm.wps.cn/@tiptap/extension-horizontal-rule/download/@tiptap/extension-horizontal-rule-2.1.12.tgz#2191d4ff68ed39381d65971ad8e2aa1be43e6d6b"
  integrity sha1-IZHU/2jtOTgdZZca2OKqG+Q+bWs=

"@tiptap/extension-image@^2.1.12":
  version "2.1.12"
  resolved "https://registry.npm.wps.cn/@tiptap/extension-image/download/@tiptap/extension-image-2.1.12.tgz#ab035db82f0961b1d906c4d426bf68be563fdcd3"
  integrity sha1-qwNduC8JYbHZBsTUJr9ovlY/3NM=

"@tiptap/extension-italic@^2.1.12":
  version "2.1.12"
  resolved "https://registry.npm.wps.cn/@tiptap/extension-italic/download/@tiptap/extension-italic-2.1.12.tgz#e99480eb77f8b4e5444fc236add8a831d5aa2343"
  integrity sha1-6ZSA63f4tOVET8I2rdioMdWqI0M=

"@tiptap/extension-link@^2.1.12":
  version "2.1.12"
  resolved "https://registry.npm.wps.cn/@tiptap/extension-link/download/@tiptap/extension-link-2.1.12.tgz#a18f83a0b54342e6274ff9e5a5907ef7f15aa723"
  integrity sha1-oY+DoLVDQuYnT/nlpZB+9/FapyM=
  dependencies:
    linkifyjs "^4.1.0"

"@tiptap/extension-list-item@^2.1.12":
  version "2.1.12"
  resolved "https://registry.npm.wps.cn/@tiptap/extension-list-item/download/@tiptap/extension-list-item-2.1.12.tgz#3eb28dc998490a98f14765783770b3cf6587d39e"
  integrity sha1-PrKNyZhJCpjxR2V4N3Czz2WH054=

"@tiptap/extension-mention@^2.1.12":
  version "2.1.12"
  resolved "https://registry.npm.wps.cn/@tiptap/extension-mention/download/@tiptap/extension-mention-2.1.12.tgz#a395e7757b45630ec3047f14b0ba2dde8e1c9c93"
  integrity sha1-o5XndXtFYw7DBH8UsLot3o4cnJM=

"@tiptap/extension-ordered-list@^2.1.12":
  version "2.1.12"
  resolved "https://registry.npm.wps.cn/@tiptap/extension-ordered-list/download/@tiptap/extension-ordered-list-2.1.12.tgz#f41a45bc66b4d19e379d4833f303f2e0cd6b9d60"
  integrity sha1-9BpFvGa00Z43nUgz8wPy4M1rnWA=

"@tiptap/extension-paragraph@^2.1.12":
  version "2.1.12"
  resolved "https://registry.npm.wps.cn/@tiptap/extension-paragraph/download/@tiptap/extension-paragraph-2.1.12.tgz#922447b2aa1c7184787d351ceec593a74d24ed03"
  integrity sha1-kiRHsqoccYR4fTUc7sWTp00k7QM=

"@tiptap/extension-placeholder@^2.1.12":
  version "2.1.12"
  resolved "https://registry.npm.wps.cn/@tiptap/extension-placeholder/download/@tiptap/extension-placeholder-2.1.12.tgz#f6267a563d17a5ae8a04da32231eac8d8868519e"
  integrity sha1-9iZ6Vj0Xpa6KBNoyIx6sjYhoUZ4=

"@tiptap/extension-strike@^2.1.12":
  version "2.1.12"
  resolved "https://registry.npm.wps.cn/@tiptap/extension-strike/download/@tiptap/extension-strike-2.1.12.tgz#2b049aedf2985e9c9e3c3f1cc0b203a574c85bd8"
  integrity sha1-KwSa7fKYXpyePD8cwLIDpXTIW9g=

"@tiptap/extension-table-cell@^2.1.12":
  version "2.1.12"
  resolved "https://registry.npm.wps.cn/@tiptap/extension-table-cell/download/@tiptap/extension-table-cell-2.1.12.tgz#b13938d345065a3750610c66a81ea107edbbcea7"
  integrity sha1-sTk400UGWjdQYQxmqB6hB+27zqc=

"@tiptap/extension-table-header@^2.1.12":
  version "2.1.12"
  resolved "https://registry.npm.wps.cn/@tiptap/extension-table-header/download/@tiptap/extension-table-header-2.1.12.tgz#87ac2efa073a212c6114e0b137cf4afc3d75c35f"
  integrity sha1-h6wu+gc6ISxhFOCxN89K/D11w18=

"@tiptap/extension-table-row@^2.1.12":
  version "2.1.12"
  resolved "https://registry.npm.wps.cn/@tiptap/extension-table-row/download/@tiptap/extension-table-row-2.1.12.tgz#27bee7d046b2bea4fe6bf46260e0d89305b75663"
  integrity sha1-J77n0EayvqT+a/RiYODYkwW3VmM=

"@tiptap/extension-table@^2.1.12":
  version "2.1.12"
  resolved "https://registry.npm.wps.cn/@tiptap/extension-table/download/@tiptap/extension-table-2.1.12.tgz#173cc4eac75c650b440dfcae433d3c74e78aa1bc"
  integrity sha1-FzzE6sdcZQtEDfyuQz08dOeKobw=

"@tiptap/extension-text-align@^2.1.12":
  version "2.1.12"
  resolved "https://registry.npm.wps.cn/@tiptap/extension-text-align/download/@tiptap/extension-text-align-2.1.12.tgz#962dca4d284ce57ed345fd4b94ddb3a97944e0d1"
  integrity sha1-li3KTShM5X7TRf1LlN2zqXlE4NE=

"@tiptap/extension-text-style@^2.1.12":
  version "2.1.12"
  resolved "https://registry.npm.wps.cn/@tiptap/extension-text-style/download/@tiptap/extension-text-style-2.1.12.tgz#ec6a025fc6785246c9fcf78e34088759c1d2b213"
  integrity sha1-7GoCX8Z4UkbJ/PeONAiHWcHSshM=

"@tiptap/extension-text@^2.1.12":
  version "2.1.12"
  resolved "https://registry.npm.wps.cn/@tiptap/extension-text/download/@tiptap/extension-text-2.1.12.tgz#466e3244bdd9b2db2304c0c9a1d51ce59f5327d0"
  integrity sha1-Rm4yRL3ZstsjBMDJodUc5Z9TJ9A=

"@tiptap/extension-underline@^2.1.12":
  version "2.1.12"
  resolved "https://registry.npm.wps.cn/@tiptap/extension-underline/download/@tiptap/extension-underline-2.1.12.tgz#abd59c4b6c8434dbadb4ff9bff23eefcc6bc095e"
  integrity sha1-q9WcS2yENNuttP+b/yPu/Ma8CV4=

"@tiptap/pm@^2.1.12":
  version "2.1.12"
  resolved "https://registry.npm.wps.cn/@tiptap/pm/download/@tiptap/pm-2.1.12.tgz#88a4b19be0eabb13d42ddd540c19ba1bbe74b322"
  integrity sha1-iKSxm+DquxPULd1UDBm6G750syI=
  dependencies:
    prosemirror-changeset "^2.2.0"
    prosemirror-collab "^1.3.0"
    prosemirror-commands "^1.3.1"
    prosemirror-dropcursor "^1.5.0"
    prosemirror-gapcursor "^1.3.1"
    prosemirror-history "^1.3.0"
    prosemirror-inputrules "^1.2.0"
    prosemirror-keymap "^1.2.0"
    prosemirror-markdown "^1.10.1"
    prosemirror-menu "^1.2.1"
    prosemirror-model "^1.18.1"
    prosemirror-schema-basic "^1.2.0"
    prosemirror-schema-list "^1.2.2"
    prosemirror-state "^1.4.1"
    prosemirror-tables "^1.3.0"
    prosemirror-trailing-node "^2.0.2"
    prosemirror-transform "^1.7.0"
    prosemirror-view "^1.28.2"

"@tiptap/starter-kit@^2.1.12":
  version "2.1.12"
  resolved "https://registry.npm.wps.cn/@tiptap/starter-kit/download/@tiptap/starter-kit-2.1.12.tgz#2bf28091ed08dc8f7b903ba92925e4ffe06257ea"
  integrity sha1-K/KAke0I3I97kDupKSXk/+BiV+o=
  dependencies:
    "@tiptap/core" "^2.1.12"
    "@tiptap/extension-blockquote" "^2.1.12"
    "@tiptap/extension-bold" "^2.1.12"
    "@tiptap/extension-bullet-list" "^2.1.12"
    "@tiptap/extension-code" "^2.1.12"
    "@tiptap/extension-code-block" "^2.1.12"
    "@tiptap/extension-document" "^2.1.12"
    "@tiptap/extension-dropcursor" "^2.1.12"
    "@tiptap/extension-gapcursor" "^2.1.12"
    "@tiptap/extension-hard-break" "^2.1.12"
    "@tiptap/extension-heading" "^2.1.12"
    "@tiptap/extension-history" "^2.1.12"
    "@tiptap/extension-horizontal-rule" "^2.1.12"
    "@tiptap/extension-italic" "^2.1.12"
    "@tiptap/extension-list-item" "^2.1.12"
    "@tiptap/extension-ordered-list" "^2.1.12"
    "@tiptap/extension-paragraph" "^2.1.12"
    "@tiptap/extension-strike" "^2.1.12"
    "@tiptap/extension-text" "^2.1.12"

"@tiptap/suggestion@^2.1.12":
  version "2.1.12"
  resolved "https://registry.npm.wps.cn/@tiptap/suggestion/download/@tiptap/suggestion-2.1.12.tgz#a13782d1e625ec03b3f61b6839ecc95b6b685d3f"
  integrity sha1-oTeC0eYl7AOz9htoOezJW2toXT8=

"@tiptap/vue-3@^2.1.12":
  version "2.1.12"
  resolved "https://registry.npm.wps.cn/@tiptap/vue-3/download/@tiptap/vue-3-2.1.12.tgz#20f4d829f6c2487ca82c5a4750f6faa718a12aac"
  integrity sha1-IPTYKfbCSHyoLFpHUPb6pxihKqw=
  dependencies:
    "@tiptap/extension-bubble-menu" "^2.1.12"
    "@tiptap/extension-floating-menu" "^2.1.12"

"@types/object.omit@^3.0.0":
  version "3.0.2"
  resolved "https://registry.npm.wps.cn/@types/object.omit/download/@types/object.omit-3.0.2.tgz#13d23915cc16fa54b0d4cfbcb79840f4fe1474d9"
  integrity sha1-E9I5FcwW+lSw1M+8t5hA9P4UdNk=

"@types/object.pick@^1.3.2":
  version "1.3.3"
  resolved "https://registry.npm.wps.cn/@types/object.pick/download/@types/object.pick-1.3.3.tgz#f4d4a76e9ef1161e965b963d2bb33c3f6c300125"
  integrity sha1-9NSnbp7xFh6WW5Y9K7M8P2wwASU=

"@types/throttle-debounce@^2.1.0":
  version "2.1.0"
  resolved "https://registry.npm.wps.cn/@types/throttle-debounce/download/@types/throttle-debounce-2.1.0.tgz#1c3df624bfc4b62f992d3012b84c56d41eab3776"
  integrity sha1-HD32JL/Eti+ZLTASuExW1B6rN3Y=

"@vitejs/plugin-vue@^4.2.3":
  version "4.4.0"
  resolved "https://registry.npm.wps.cn/@vitejs/plugin-vue/download/@vitejs/plugin-vue-4.4.0.tgz#8ae96573236cdb12de6850a6d929b5537ec85390"
  integrity sha1-iullcyNs2xLeaFCm2Sm1U37IU5A=

"@vue/compiler-core@3.3.7":
  version "3.3.7"
  resolved "https://registry.npm.wps.cn/@vue/compiler-core/download/@vue/compiler-core-3.3.7.tgz#865a5734c971686d9737d85a0c5a08de045b6162"
  integrity sha1-hlpXNMlxaG2XN9haDFoI3gRbYWI=
  dependencies:
    "@babel/parser" "^7.23.0"
    "@vue/shared" "3.3.7"
    estree-walker "^2.0.2"
    source-map-js "^1.0.2"

"@vue/compiler-dom@3.3.7":
  version "3.3.7"
  resolved "https://registry.npm.wps.cn/@vue/compiler-dom/download/@vue/compiler-dom-3.3.7.tgz#a245aa03f9bfcdb537a239bf02842072de0644c9"
  integrity sha1-okWqA/m/zbU3ojm/AoQgct4GRMk=
  dependencies:
    "@vue/compiler-core" "3.3.7"
    "@vue/shared" "3.3.7"

"@vue/compiler-sfc@3.3.7":
  version "3.3.7"
  resolved "https://registry.npm.wps.cn/@vue/compiler-sfc/download/@vue/compiler-sfc-3.3.7.tgz#219d04b3013c7b15fbc536e2279e07810b731cc2"
  integrity sha1-IZ0EswE8exX7xTbiJ54HgQtzHMI=
  dependencies:
    "@babel/parser" "^7.23.0"
    "@vue/compiler-core" "3.3.7"
    "@vue/compiler-dom" "3.3.7"
    "@vue/compiler-ssr" "3.3.7"
    "@vue/reactivity-transform" "3.3.7"
    "@vue/shared" "3.3.7"
    estree-walker "^2.0.2"
    magic-string "^0.30.5"
    postcss "^8.4.31"
    source-map-js "^1.0.2"

"@vue/compiler-ssr@3.3.7":
  version "3.3.7"
  resolved "https://registry.npm.wps.cn/@vue/compiler-ssr/download/@vue/compiler-ssr-3.3.7.tgz#eff4a70f7ceb800d60e68d208b96a030c0f1b636"
  integrity sha1-7/SnD3zrgA1g5o0gi5agMMDxtjY=
  dependencies:
    "@vue/compiler-dom" "3.3.7"
    "@vue/shared" "3.3.7"

"@vue/reactivity-transform@3.3.7":
  version "3.3.7"
  resolved "https://registry.npm.wps.cn/@vue/reactivity-transform/download/@vue/reactivity-transform-3.3.7.tgz#eb9f5110af5085079b851d162205394bc790d539"
  integrity sha1-659REK9QhQebhR0WIgU5S8eQ1Tk=
  dependencies:
    "@babel/parser" "^7.23.0"
    "@vue/compiler-core" "3.3.7"
    "@vue/shared" "3.3.7"
    estree-walker "^2.0.2"
    magic-string "^0.30.5"

"@vue/reactivity@3.3.7":
  version "3.3.7"
  resolved "https://registry.npm.wps.cn/@vue/reactivity/download/@vue/reactivity-3.3.7.tgz#48b6671a45ba33039da2c0eb25ae702f924486a9"
  integrity sha1-SLZnGkW6MwOdosDrJa5wL5JEhqk=
  dependencies:
    "@vue/shared" "3.3.7"

"@vue/runtime-core@3.3.7":
  version "3.3.7"
  resolved "https://registry.npm.wps.cn/@vue/runtime-core/download/@vue/runtime-core-3.3.7.tgz#c1eece1c98f936dc69dd0667d11b464579b128fd"
  integrity sha1-we7OHJj5Ntxp3QZn0RtGRXmxKP0=
  dependencies:
    "@vue/reactivity" "3.3.7"
    "@vue/shared" "3.3.7"

"@vue/runtime-dom@3.3.7":
  version "3.3.7"
  resolved "https://registry.npm.wps.cn/@vue/runtime-dom/download/@vue/runtime-dom-3.3.7.tgz#e7cf88cc01591fdf6e3164825554fdadc3137ffc"
  integrity sha1-58+IzAFZH99uMWSCVVT9rcMTf/w=
  dependencies:
    "@vue/runtime-core" "3.3.7"
    "@vue/shared" "3.3.7"
    csstype "^3.1.2"

"@vue/server-renderer@3.3.7":
  version "3.3.7"
  resolved "https://registry.npm.wps.cn/@vue/server-renderer/download/@vue/server-renderer-3.3.7.tgz#0cc3dc6ad39a54693e6e8f853caa3c7bb43b0364"
  integrity sha1-DMPcatOaVGk+bo+FPKo8e7Q7A2Q=
  dependencies:
    "@vue/compiler-ssr" "3.3.7"
    "@vue/shared" "3.3.7"

"@vue/shared@3.3.7":
  version "3.3.7"
  resolved "https://registry.npm.wps.cn/@vue/shared/download/@vue/shared-3.3.7.tgz#0091852fe5cc4237c8440fe32f3ab6bc920ae6d9"
  integrity sha1-AJGFL+XMQjfIRA/jLzq2vJIK5tk=

anymatch@~3.1.2:
  version "3.1.3"
  resolved "https://registry.npm.wps.cn/anymatch/download/anymatch-3.1.3.tgz#790c58b19ba1720a84205b57c618d5ad8524973e"
  integrity sha1-eQxYsZuhcgqEIFtXxhjVrYUklz4=
  dependencies:
    normalize-path "^3.0.0"
    picomatch "^2.0.4"

argparse@^2.0.1:
  version "2.0.1"
  resolved "https://registry.npm.wps.cn/argparse/download/argparse-2.0.1.tgz#246f50f3ca78a3240f6c997e8a9bd1eac49e4b38"
  integrity sha1-JG9Q88p4oyQPbJl+ipvR6sSeSzg=

binary-extensions@^2.0.0:
  version "2.2.0"
  resolved "https://registry.npm.wps.cn/binary-extensions/download/binary-extensions-2.2.0.tgz#75f502eeaf9ffde42fc98829645be4ea76bd9e2d"
  integrity sha1-dfUC7q+f/eQvyYgpZFvk6na9ni0=

braces@~3.0.2:
  version "3.0.2"
  resolved "https://registry.npm.wps.cn/braces/download/braces-3.0.2.tgz#3454e1a462ee8d599e236df336cd9ea4f8afe107"
  integrity sha1-NFThpGLujVmeI23zNs2epPiv4Qc=
  dependencies:
    fill-range "^7.0.1"

case-anything@^2.1.13:
  version "2.1.13"
  resolved "https://registry.npm.wps.cn/case-anything/download/case-anything-2.1.13.tgz#0cdc16278cb29a7fcdeb072400da3f342ba329e9"
  integrity sha1-DNwWJ4yymn/N6wckANo/NCujKek=

"chokidar@>=3.0.0 <4.0.0":
  version "3.5.3"
  resolved "https://registry.npm.wps.cn/chokidar/download/chokidar-3.5.3.tgz#1cf37c8707b932bd1af1ae22c0432e2acd1903bd"
  integrity sha1-HPN8hwe5Mr0a8a4iwEMuKs0ZA70=
  dependencies:
    anymatch "~3.1.2"
    braces "~3.0.2"
    glob-parent "~5.1.2"
    is-binary-path "~2.1.0"
    is-glob "~4.0.1"
    normalize-path "~3.0.0"
    readdirp "~3.6.0"
  optionalDependencies:
    fsevents "~2.3.2"

crelt@^1.0.0:
  version "1.0.6"
  resolved "https://registry.npm.wps.cn/crelt/download/crelt-1.0.6.tgz#7cc898ea74e190fb6ef9dae57f8f81cf7302df72"
  integrity sha1-fMiY6nThkPtu+drlf4+Bz3MC33I=

csstype@^3.1.2:
  version "3.1.2"
  resolved "https://registry.npm.wps.cn/csstype/download/csstype-3.1.2.tgz#1d4bf9d572f11c14031f0436e1c10bc1f571f50b"
  integrity sha1-HUv51XLxHBQDHwQ24cELwfVx9Qs=

dash-get@^1.0.2:
  version "1.0.2"
  resolved "https://registry.npm.wps.cn/dash-get/download/dash-get-1.0.2.tgz#4c9e9ad5ef04c4bf9d3c9a451f6f7997298dcc7c"
  integrity sha1-TJ6a1e8ExL+dPJpFH295lymNzHw=

deepmerge@^4.3.1:
  version "4.3.1"
  resolved "https://registry.npm.wps.cn/deepmerge/download/deepmerge-4.3.1.tgz#44b5f2147cd3b00d4b56137685966f26fd25dd4a"
  integrity sha1-RLXyFHzTsA1LVhN2hZZvJv0l3Uo=

entities@~3.0.1:
  version "3.0.1"
  resolved "https://registry.npm.wps.cn/entities/download/entities-3.0.1.tgz#2b887ca62585e96db3903482d336c1006c3001d4"
  integrity sha1-K4h8piWF6W2zkDSC0zbBAGwwAdQ=

esbuild@^0.18.10:
  version "0.18.20"
  resolved "https://registry.npm.wps.cn/esbuild/download/esbuild-0.18.20.tgz#4709f5a34801b43b799ab7d6d82f7284a9b7a7a6"
  integrity sha1-Rwn1o0gBtDt5mrfW2C9yhKm3p6Y=
  optionalDependencies:
    "@esbuild/android-arm" "0.18.20"
    "@esbuild/android-arm64" "0.18.20"
    "@esbuild/android-x64" "0.18.20"
    "@esbuild/darwin-arm64" "0.18.20"
    "@esbuild/darwin-x64" "0.18.20"
    "@esbuild/freebsd-arm64" "0.18.20"
    "@esbuild/freebsd-x64" "0.18.20"
    "@esbuild/linux-arm" "0.18.20"
    "@esbuild/linux-arm64" "0.18.20"
    "@esbuild/linux-ia32" "0.18.20"
    "@esbuild/linux-loong64" "0.18.20"
    "@esbuild/linux-mips64el" "0.18.20"
    "@esbuild/linux-ppc64" "0.18.20"
    "@esbuild/linux-riscv64" "0.18.20"
    "@esbuild/linux-s390x" "0.18.20"
    "@esbuild/linux-x64" "0.18.20"
    "@esbuild/netbsd-x64" "0.18.20"
    "@esbuild/openbsd-x64" "0.18.20"
    "@esbuild/sunos-x64" "0.18.20"
    "@esbuild/win32-arm64" "0.18.20"
    "@esbuild/win32-ia32" "0.18.20"
    "@esbuild/win32-x64" "0.18.20"

escape-string-regexp@^4.0.0:
  version "4.0.0"
  resolved "https://registry.npm.wps.cn/escape-string-regexp/download/escape-string-regexp-4.0.0.tgz#14ba83a5d373e3d311e5afca29cf5bfad965bf34"
  integrity sha1-FLqDpdNz49MR5a/KKc9b+tllvzQ=

estree-walker@^2.0.2:
  version "2.0.2"
  resolved "https://registry.npm.wps.cn/estree-walker/download/estree-walker-2.0.2.tgz#52f010178c2a4c117a7757cfe942adb7d2da4cac"
  integrity sha1-UvAQF4wqTBF6d1fP6UKtt9LaTKw=

fast-deep-equal@^3.1.3:
  version "3.1.3"
  resolved "https://registry.npm.wps.cn/fast-deep-equal/download/fast-deep-equal-3.1.3.tgz#3a7d56b559d6cbc3eb512325244e619a65c6c525"
  integrity sha1-On1WtVnWy8PrUSMlJE5hmmXGxSU=

fill-range@^7.0.1:
  version "7.0.1"
  resolved "https://registry.npm.wps.cn/fill-range/download/fill-range-7.0.1.tgz#1919a6a7c75fe38b2c7c77e5198535da9acdda40"
  integrity sha1-GRmmp8df44ssfHflGYU12prN2kA=
  dependencies:
    to-regex-range "^5.0.1"

fsevents@~2.3.2:
  version "2.3.3"
  resolved "https://registry.npm.wps.cn/fsevents/download/fsevents-2.3.3.tgz#cac6407785d03675a2a5e1a5305c697b347d90d6"
  integrity sha1-ysZAd4XQNnWipeGlMFxpezR9kNY=

glob-parent@~5.1.2:
  version "5.1.2"
  resolved "https://registry.npm.wps.cn/glob-parent/download/glob-parent-5.1.2.tgz#869832c58034fe68a4093c17dc15e8340d8401c4"
  integrity sha1-hpgyxYA0/mikCTwX3BXoNA2EAcQ=
  dependencies:
    is-glob "^4.0.1"

immutable@^4.0.0:
  version "4.3.4"
  resolved "https://registry.npm.wps.cn/immutable/download/immutable-4.3.4.tgz#2e07b33837b4bb7662f288c244d1ced1ef65a78f"
  integrity sha1-LgezODe0u3Zi8ojCRNHO0e9lp48=

is-binary-path@~2.1.0:
  version "2.1.0"
  resolved "https://registry.npm.wps.cn/is-binary-path/download/is-binary-path-2.1.0.tgz#ea1f7f3b80f064236e83470f86c09c254fb45b09"
  integrity sha1-6h9/O4DwZCNug0cPhsCcJU+0Wwk=
  dependencies:
    binary-extensions "^2.0.0"

is-extendable@^1.0.0:
  version "1.0.1"
  resolved "https://registry.npm.wps.cn/is-extendable/download/is-extendable-1.0.1.tgz#a7470f9e426733d81bd81e1155264e3a3507cab4"
  integrity sha1-p0cPnkJnM9gb2B4RVSZOOjUHyrQ=
  dependencies:
    is-plain-object "^2.0.4"

is-extglob@^2.1.1:
  version "2.1.1"
  resolved "https://registry.npm.wps.cn/is-extglob/download/is-extglob-2.1.1.tgz#a88c02535791f02ed37c76a1b9ea9773c833f8c2"
  integrity sha1-qIwCU1eR8C7TfHahueqXc8gz+MI=

is-glob@^4.0.1, is-glob@~4.0.1:
  version "4.0.3"
  resolved "https://registry.npm.wps.cn/is-glob/download/is-glob-4.0.3.tgz#64f61e42cbbb2eec2071a9dac0b28ba1e65d5084"
  integrity sha1-ZPYeQsu7LuwgcanawLKLoeZdUIQ=
  dependencies:
    is-extglob "^2.1.1"

is-number@^7.0.0:
  version "7.0.0"
  resolved "https://registry.npm.wps.cn/is-number/download/is-number-7.0.0.tgz#7535345b896734d5f80c4d06c50955527a14f12b"
  integrity sha1-dTU0W4lnNNX4DE0GxQlVUnoU8Ss=

is-plain-object@^2.0.4:
  version "2.0.4"
  resolved "https://registry.npm.wps.cn/is-plain-object/download/is-plain-object-2.0.4.tgz#2c163b3fafb1b606d9d17928f05c2a1c38e07677"
  integrity sha1-LBY7P6+xtgbZ0Xko8FwqHDjgdnc=
  dependencies:
    isobject "^3.0.1"

isobject@^3.0.1:
  version "3.0.1"
  resolved "https://registry.npm.wps.cn/isobject/download/isobject-3.0.1.tgz#4e431e92b11a9731636aa1f9c8d1ccbcfdab78df"
  integrity sha1-TkMekrEalzFjaqH5yNHMvP2reN8=

linkify-it@^4.0.1:
  version "4.0.1"
  resolved "https://registry.npm.wps.cn/linkify-it/download/linkify-it-4.0.1.tgz#01f1d5e508190d06669982ba31a7d9f56a5751ec"
  integrity sha1-AfHV5QgZDQZmmYK6MafZ9WpXUew=
  dependencies:
    uc.micro "^1.0.1"

linkifyjs@^4.1.0:
  version "4.1.1"
  resolved "https://registry.npm.wps.cn/linkifyjs/download/linkifyjs-4.1.1.tgz#73d427e3bbaaf4ca8e71c589ad4ffda11a9a5fde"
  integrity sha1-c9Qn47uq9MqOccWJrU/9oRqaX94=

magic-string@^0.30.5:
  version "0.30.5"
  resolved "https://registry.npm.wps.cn/magic-string/download/magic-string-0.30.5.tgz#1994d980bd1c8835dc6e78db7cbd4ae4f24746f9"
  integrity sha1-GZTZgL0ciDXcbnjbfL1K5PJHRvk=
  dependencies:
    "@jridgewell/sourcemap-codec" "^1.4.15"

make-error@^1.3.6:
  version "1.3.6"
  resolved "https://registry.npm.wps.cn/make-error/download/make-error-1.3.6.tgz#2eb2e37ea9b67c4891f684a1394799af484cf7a2"
  integrity sha1-LrLjfqm2fEiR9oShOUeZr0hM96I=

markdown-it@^13.0.1:
  version "13.0.2"
  resolved "https://registry.npm.wps.cn/markdown-it/download/markdown-it-13.0.2.tgz#1bc22e23379a6952e5d56217fbed881e0c94d536"
  integrity sha1-G8IuIzeaaVLl1WIX++2IHgyU1TY=
  dependencies:
    argparse "^2.0.1"
    entities "~3.0.1"
    linkify-it "^4.0.1"
    mdurl "^1.0.1"
    uc.micro "^1.0.5"

mdurl@^1.0.1:
  version "1.0.1"
  resolved "https://registry.npm.wps.cn/mdurl/download/mdurl-1.0.1.tgz#fe85b2ec75a59037f2adfec100fd6c601761152e"
  integrity sha1-/oWy7HWlkDfyrf7BAP1sYBdhFS4=

nanoid@^3.3.6:
  version "3.3.6"
  resolved "https://registry.npm.wps.cn/nanoid/download/nanoid-3.3.6.tgz#443380c856d6e9f9824267d960b4236ad583ea4c"
  integrity sha1-RDOAyFbW6fmCQmfZYLQjatWD6kw=

normalize-path@^3.0.0, normalize-path@~3.0.0:
  version "3.0.0"
  resolved "https://registry.npm.wps.cn/normalize-path/download/normalize-path-3.0.0.tgz#0dcd69ff23a1c9b11fd0978316644a0388216a65"
  integrity sha1-Dc1p/yOhybEf0JeDFmRKA4ghamU=

object.omit@^3.0.0:
  version "3.0.0"
  resolved "https://registry.npm.wps.cn/object.omit/download/object.omit-3.0.0.tgz#0e3edc2fce2ba54df5577ff529f6d97bd8a522af"
  integrity sha1-Dj7cL84rpU31V3/1KfbZe9ilIq8=
  dependencies:
    is-extendable "^1.0.0"

object.pick@^1.3.0:
  version "1.3.0"
  resolved "https://registry.npm.wps.cn/object.pick/download/object.pick-1.3.0.tgz#87a10ac4c1694bd2e1cbf53591a66141fb5dd747"
  integrity sha1-h6EKxMFpS9Lhy/U1kaZhQftd10c=
  dependencies:
    isobject "^3.0.1"

orderedmap@^2.0.0:
  version "2.1.1"
  resolved "https://registry.npm.wps.cn/orderedmap/download/orderedmap-2.1.1.tgz#61481269c44031c449915497bf5a4ad273c512d2"
  integrity sha1-YUgSacRAMcRJkVSXv1pK0nPFEtI=

picocolors@^1.0.0:
  version "1.0.0"
  resolved "https://registry.npm.wps.cn/picocolors/download/picocolors-1.0.0.tgz#cb5bdc74ff3f51892236eaf79d68bc44564ab81c"
  integrity sha1-y1vcdP8/UYkiNur3nWi8RFZKuBw=

picomatch@^2.0.4, picomatch@^2.2.1:
  version "2.3.1"
  resolved "https://registry.npm.wps.cn/picomatch/download/picomatch-2.3.1.tgz#3ba3833733646d9d3e4995946c1365a67fb07a42"
  integrity sha1-O6ODNzNkbZ0+SZWUbBNlpn+wekI=

postcss@^8.4.27, postcss@^8.4.31:
  version "8.4.31"
  resolved "https://registry.npm.wps.cn/postcss/download/postcss-8.4.31.tgz#92b451050a9f914da6755af352bdc0192508656d"
  integrity sha1-krRRBQqfkU2mdVrzUr3AGSUIZW0=
  dependencies:
    nanoid "^3.3.6"
    picocolors "^1.0.0"
    source-map-js "^1.0.2"

prosemirror-changeset@^2.2.0:
  version "2.2.1"
  resolved "https://registry.npm.wps.cn/prosemirror-changeset/download/prosemirror-changeset-2.2.1.tgz#dae94b63aec618fac7bb9061648e6e2a79988383"
  integrity sha1-2ulLY67GGPrHu5BhZI5uKnmYg4M=
  dependencies:
    prosemirror-transform "^1.0.0"

prosemirror-collab@^1.3.0:
  version "1.3.1"
  resolved "https://registry.npm.wps.cn/prosemirror-collab/download/prosemirror-collab-1.3.1.tgz#0e8c91e76e009b53457eb3b3051fb68dad029a33"
  integrity sha1-DoyR524Am1NFfrOzBR+2ja0CmjM=
  dependencies:
    prosemirror-state "^1.0.0"

prosemirror-commands@^1.0.0, prosemirror-commands@^1.3.1:
  version "1.5.2"
  resolved "https://registry.npm.wps.cn/prosemirror-commands/download/prosemirror-commands-1.5.2.tgz#e94aeea52286f658cd984270de9b4c3fff580852"
  integrity sha1-6UrupSKG9ljNmEJw3ptMP/9YCFI=
  dependencies:
    prosemirror-model "^1.0.0"
    prosemirror-state "^1.0.0"
    prosemirror-transform "^1.0.0"

prosemirror-dropcursor@^1.5.0:
  version "1.8.1"
  resolved "https://registry.npm.wps.cn/prosemirror-dropcursor/download/prosemirror-dropcursor-1.8.1.tgz#49b9fb2f583e0d0f4021ff87db825faa2be2832d"
  integrity sha1-Sbn7L1g+DQ9AIf+H24Jfqivigy0=
  dependencies:
    prosemirror-state "^1.0.0"
    prosemirror-transform "^1.1.0"
    prosemirror-view "^1.1.0"

prosemirror-gapcursor@^1.3.1:
  version "1.3.2"
  resolved "https://registry.npm.wps.cn/prosemirror-gapcursor/download/prosemirror-gapcursor-1.3.2.tgz#5fa336b83789c6199a7341c9493587e249215cb4"
  integrity sha1-X6M2uDeJxhmac0HJSTWH4kkhXLQ=
  dependencies:
    prosemirror-keymap "^1.0.0"
    prosemirror-model "^1.0.0"
    prosemirror-state "^1.0.0"
    prosemirror-view "^1.0.0"

prosemirror-history@^1.0.0, prosemirror-history@^1.3.0:
  version "1.3.2"
  resolved "https://registry.npm.wps.cn/prosemirror-history/download/prosemirror-history-1.3.2.tgz#ce6ad7ab9db83e761aee716f3040d74738311b15"
  integrity sha1-zmrXq524PnYa7nFvMEDXRzgxGxU=
  dependencies:
    prosemirror-state "^1.2.2"
    prosemirror-transform "^1.0.0"
    prosemirror-view "^1.31.0"
    rope-sequence "^1.3.0"

prosemirror-inputrules@^1.2.0:
  version "1.2.1"
  resolved "https://registry.npm.wps.cn/prosemirror-inputrules/download/prosemirror-inputrules-1.2.1.tgz#8faf3d78c16150aedac71d326a3e3947417ce557"
  integrity sha1-j689eMFhUK7axx0yaj45R0F85Vc=
  dependencies:
    prosemirror-state "^1.0.0"
    prosemirror-transform "^1.0.0"

prosemirror-keymap@^1.0.0, prosemirror-keymap@^1.1.2, prosemirror-keymap@^1.2.0:
  version "1.2.2"
  resolved "https://registry.npm.wps.cn/prosemirror-keymap/download/prosemirror-keymap-1.2.2.tgz#14a54763a29c7b2704f561088ccf3384d14eb77e"
  integrity sha1-FKVHY6KceycE9WEIjM8zhNFOt34=
  dependencies:
    prosemirror-state "^1.0.0"
    w3c-keyname "^2.2.0"

prosemirror-markdown@^1.10.1:
  version "1.11.2"
  resolved "https://registry.npm.wps.cn/prosemirror-markdown/download/prosemirror-markdown-1.11.2.tgz#f6e529e669d11fa3eec859e93c0d2c91788d6c80"
  integrity sha1-9uUp5mnRH6PuyFnpPA0skXiNbIA=
  dependencies:
    markdown-it "^13.0.1"
    prosemirror-model "^1.0.0"

prosemirror-menu@^1.2.1:
  version "1.2.4"
  resolved "https://registry.npm.wps.cn/prosemirror-menu/download/prosemirror-menu-1.2.4.tgz#3cfdc7c06d10f9fbd1bce29082c498bd11a0a79a"
  integrity sha1-PP3HwG0Q+fvRvOKQgsSYvRGgp5o=
  dependencies:
    crelt "^1.0.0"
    prosemirror-commands "^1.0.0"
    prosemirror-history "^1.0.0"
    prosemirror-state "^1.0.0"

prosemirror-model@^1.0.0, prosemirror-model@^1.16.0, prosemirror-model@^1.18.1, prosemirror-model@^1.19.0, prosemirror-model@^1.8.1:
  version "1.19.3"
  resolved "https://registry.npm.wps.cn/prosemirror-model/download/prosemirror-model-1.19.3.tgz#f0d55285487fefd962d0ac695f716f4ec6705006"
  integrity sha1-8NVShUh/79li0KxpX3FvTsZwUAY=
  dependencies:
    orderedmap "^2.0.0"

prosemirror-schema-basic@^1.2.0:
  version "1.2.2"
  resolved "https://registry.npm.wps.cn/prosemirror-schema-basic/download/prosemirror-schema-basic-1.2.2.tgz#6695f5175e4628aab179bf62e5568628b9cfe6c7"
  integrity sha1-ZpX1F15GKKqxeb9i5VaGKLnP5sc=
  dependencies:
    prosemirror-model "^1.19.0"

prosemirror-schema-list@^1.2.2:
  version "1.3.0"
  resolved "https://registry.npm.wps.cn/prosemirror-schema-list/download/prosemirror-schema-list-1.3.0.tgz#05374702cf35a3ba5e7ec31079e355a488d52519"
  integrity sha1-BTdHAs81o7pefsMQeeNVpIjVJRk=
  dependencies:
    prosemirror-model "^1.0.0"
    prosemirror-state "^1.0.0"
    prosemirror-transform "^1.7.3"

prosemirror-state@^1.0.0, prosemirror-state@^1.2.2, prosemirror-state@^1.3.1, prosemirror-state@^1.4.1:
  version "1.4.3"
  resolved "https://registry.npm.wps.cn/prosemirror-state/download/prosemirror-state-1.4.3.tgz#94aecf3ffd54ec37e87aa7179d13508da181a080"
  integrity sha1-lK7PP/1U7DfoeqcXnRNQjaGBoIA=
  dependencies:
    prosemirror-model "^1.0.0"
    prosemirror-transform "^1.0.0"
    prosemirror-view "^1.27.0"

prosemirror-tables@^1.3.0:
  version "1.3.4"
  resolved "https://registry.npm.wps.cn/prosemirror-tables/download/prosemirror-tables-1.3.4.tgz#0b7cc16d49f90c5b834c9f29291c545478ce9ab0"
  integrity sha1-C3zBbUn5DFuDTJ8pKRxUVHjOmrA=
  dependencies:
    prosemirror-keymap "^1.1.2"
    prosemirror-model "^1.8.1"
    prosemirror-state "^1.3.1"
    prosemirror-transform "^1.2.1"
    prosemirror-view "^1.13.3"

prosemirror-trailing-node@^2.0.2:
  version "2.0.7"
  resolved "https://registry.npm.wps.cn/prosemirror-trailing-node/download/prosemirror-trailing-node-2.0.7.tgz#ba782a7929f18bcae650b1c7082a2d10443eab19"
  integrity sha1-ungqeSnxi8rmULHHCCotEEQ+qxk=
  dependencies:
    "@remirror/core-constants" "^2.0.2"
    "@remirror/core-helpers" "^3.0.0"
    escape-string-regexp "^4.0.0"

prosemirror-transform@^1.0.0, prosemirror-transform@^1.1.0, prosemirror-transform@^1.2.1, prosemirror-transform@^1.7.0, prosemirror-transform@^1.7.3:
  version "1.8.0"
  resolved "https://registry.npm.wps.cn/prosemirror-transform/download/prosemirror-transform-1.8.0.tgz#a47c64a3c373c1bd0ff46e95be3210c8dda0cd11"
  integrity sha1-pHxko8Nzwb0P9G6VvjIQyN2gzRE=
  dependencies:
    prosemirror-model "^1.0.0"

prosemirror-view@^1.0.0, prosemirror-view@^1.1.0, prosemirror-view@^1.13.3, prosemirror-view@^1.27.0, prosemirror-view@^1.28.2, prosemirror-view@^1.31.0:
  version "1.32.2"
  resolved "https://registry.npm.wps.cn/prosemirror-view/download/prosemirror-view-1.32.2.tgz#e55fcf5b55847e3b9d9b7982c9a129ef237e60e1"
  integrity sha1-5V/PW1WEfjudm3mCyaEp7yN+YOE=
  dependencies:
    prosemirror-model "^1.16.0"
    prosemirror-state "^1.0.0"
    prosemirror-transform "^1.1.0"

readdirp@~3.6.0:
  version "3.6.0"
  resolved "https://registry.npm.wps.cn/readdirp/download/readdirp-3.6.0.tgz#74a370bd857116e245b29cc97340cd431a02a6c7"
  integrity sha1-dKNwvYVxFuJFspzJc0DNQxoCpsc=
  dependencies:
    picomatch "^2.2.1"

rollup@^3.27.1:
  version "3.29.4"
  resolved "https://registry.npm.wps.cn/rollup/download/rollup-3.29.4.tgz#4d70c0f9834146df8705bfb69a9a19c9e1109981"
  integrity sha1-TXDA+YNBRt+HBb+2mpoZyeEQmYE=
  optionalDependencies:
    fsevents "~2.3.2"

rope-sequence@^1.3.0:
  version "1.3.4"
  resolved "https://registry.npm.wps.cn/rope-sequence/download/rope-sequence-1.3.4.tgz#df85711aaecd32f1e756f76e43a415171235d425"
  integrity sha1-34VxGq7NMvHnVvduQ6QVFxI11CU=

sass@^1.69.5:
  version "1.69.5"
  resolved "https://registry.npm.wps.cn/sass/download/sass-1.69.5.tgz#23e18d1c757a35f2e52cc81871060b9ad653dfde"
  integrity sha1-I+GNHHV6NfLlLMgYcQYLmtZT394=
  dependencies:
    chokidar ">=3.0.0 <4.0.0"
    immutable "^4.0.0"
    source-map-js ">=0.6.2 <2.0.0"

"source-map-js@>=0.6.2 <2.0.0", source-map-js@^1.0.2:
  version "1.0.2"
  resolved "https://registry.npm.wps.cn/source-map-js/download/source-map-js-1.0.2.tgz#adbc361d9c62df380125e7f161f71c826f1e490c"
  integrity sha1-rbw2HZxi3zgBJefxYfccgm8eSQw=

throttle-debounce@^3.0.1:
  version "3.0.1"
  resolved "https://registry.npm.wps.cn/throttle-debounce/download/throttle-debounce-3.0.1.tgz#32f94d84dfa894f786c9a1f290e7a645b6a19abb"
  integrity sha1-MvlNhN+olPeGyaHykOemRbahmrs=

tippy.js@^6.3.7:
  version "6.3.7"
  resolved "https://registry.npm.wps.cn/tippy.js/download/tippy.js-6.3.7.tgz#8ccfb651d642010ed9a32ff29b0e9e19c5b8c61c"
  integrity sha1-jM+2UdZCAQ7Zoy/ymw6eGcW4xhw=
  dependencies:
    "@popperjs/core" "^2.9.0"

to-regex-range@^5.0.1:
  version "5.0.1"
  resolved "https://registry.npm.wps.cn/to-regex-range/download/to-regex-range-5.0.1.tgz#1648c44aae7c8d988a326018ed72f5b4dd0392e4"
  integrity sha1-FkjESq58jZiKMmAY7XL1tN0DkuQ=
  dependencies:
    is-number "^7.0.0"

type-fest@^2.19.0:
  version "2.19.0"
  resolved "https://registry.npm.wps.cn/type-fest/download/type-fest-2.19.0.tgz#88068015bb33036a598b952e55e9311a60fd3a9b"
  integrity sha1-iAaAFbszA2pZi5UuVekxGmD9Ops=

uc.micro@^1.0.1, uc.micro@^1.0.5:
  version "1.0.6"
  resolved "https://registry.npm.wps.cn/uc.micro/download/uc.micro-1.0.6.tgz#9c411a802a409a91fc6cf74081baba34b24499ac"
  integrity sha1-nEEagCpAmpH8bPdAgbq6NLJEmaw=

vite@^4.4.5:
  version "4.5.0"
  resolved "https://registry.npm.wps.cn/vite/download/vite-4.5.0.tgz#ec406295b4167ac3bc23e26f9c8ff559287cff26"
  integrity sha1-7EBilbQWesO8I+JvnI/1WSh8/yY=
  dependencies:
    esbuild "^0.18.10"
    postcss "^8.4.27"
    rollup "^3.27.1"
  optionalDependencies:
    fsevents "~2.3.2"

vue@^3.3.4:
  version "3.3.7"
  resolved "https://registry.npm.wps.cn/vue/download/vue-3.3.7.tgz#972a218682443a3819d121261b2bff914417f4f0"
  integrity sha1-lyohhoJEOjgZ0SEmGyv/kUQX9PA=
  dependencies:
    "@vue/compiler-dom" "3.3.7"
    "@vue/compiler-sfc" "3.3.7"
    "@vue/runtime-dom" "3.3.7"
    "@vue/server-renderer" "3.3.7"
    "@vue/shared" "3.3.7"

w3c-keyname@^2.2.0:
  version "2.2.8"
  resolved "https://registry.npm.wps.cn/w3c-keyname/download/w3c-keyname-2.2.8.tgz#7b17c8c6883d4e8b86ac8aba79d39e880f8869c5"
  integrity sha1-exfIxog9TouGrIq6edOeiA+IacU=
